
Microsoft Visual Studio Solution File, Format Version 12.00
# Visual Studio Version 17
VisualStudioVersion = 17.3.32901.215
MinimumVisualStudioVersion = 10.0.40219.1
Project("{F184B08F-C81C-45F6-A57F-5ABD9991F28F}") = "Car Database Log In Page", "Car Database Log In Page\Car Database Log In Page.vbproj", "{E5D15CC5-A470-4E77-9BDD-590B1F81CCBA}"
EndProject
Global
	GlobalSection(SolutionConfigurationPlatforms) = preSolution
		Debug|Any CPU = Debug|Any CPU
		Release|Any CPU = Release|Any CPU
	EndGlobalSection
	GlobalSection(ProjectConfigurationPlatforms) = postSolution
		{E5D15CC5-A470-4E77-9BDD-590B1F81CCBA}.Debug|Any CPU.ActiveCfg = Debug|Any CPU
		{E5D15CC5-A470-4E77-9BDD-590B1F81CCBA}.Debug|Any CPU.Build.0 = Debug|Any CPU
		{E5D15CC5-A470-4E77-9BDD-590B1F81CCBA}.Release|Any CPU.ActiveCfg = Release|Any CPU
		{E5D15CC5-A470-4E77-9BDD-590B1F81CCBA}.Release|Any CPU.Build.0 = Release|Any CPU
	EndGlobalSection
	GlobalSection(SolutionProperties) = preSolution
		HideSolutionNode = FALSE
	EndGlobalSection
	GlobalSection(ExtensibilityGlobals) = postSolution
		SolutionGuid = {4D124A0F-A204-43C5-9139-8D5B0F6595AB}
	EndGlobalSection
EndGlobal
